
Microsoft Visual Studio Solution File, Format Version 12.00
# Visual Studio Version 17
VisualStudioVersion = 17.10.35013.160
MinimumVisualStudioVersion = 10.0.40219.1
Project("{FAE04EC0-301F-11D3-BF4B-00C04F79EFBC}") = "BloggingToolBackend", "BloggingToolBackend\BloggingToolBackend.csproj", "{1E10E6AF-061D-4639-8BC1-CAEC98160AE1}"
EndProject
Global
	GlobalSection(SolutionConfigurationPlatforms) = preSolution
		Debug|Any CPU = Debug|Any CPU
		Release|Any CPU = Release|Any CPU
	EndGlobalSection
	GlobalSection(ProjectConfigurationPlatforms) = postSolution
		{1E10E6AF-061D-4639-8BC1-CAEC98160AE1}.Debug|Any CPU.ActiveCfg = Debug|Any CPU
		{1E10E6AF-061D-4639-8BC1-CAEC98160AE1}.Debug|Any CPU.Build.0 = Debug|Any CPU
		{1E10E6AF-061D-4639-8BC1-CAEC98160AE1}.Release|Any CPU.ActiveCfg = Release|Any CPU
		{1E10E6AF-061D-4639-8BC1-CAEC98160AE1}.Release|Any CPU.Build.0 = Release|Any CPU
	EndGlobalSection
	GlobalSection(SolutionProperties) = preSolution
		HideSolutionNode = FALSE
	EndGlobalSection
	GlobalSection(ExtensibilityGlobals) = postSolution
		SolutionGuid = {C6AD5AED-B3EA-4E57-A6FF-20B7009050E6}
	EndGlobalSection
EndGlobal
